
Microsoft Visual Studio Solution File, Format Version 12.00
# Visual Studio 15
VisualStudioVersion = 15.0.26430.14
MinimumVisualStudioVersion = 10.0.40219.1
Project("{FAE04EC0-301F-11D3-BF4B-00C04F79EFBC}") = "WinUX.Common", "WinUX.Common\WinUX.Common.csproj", "{1A3DDB66-0155-4C26-9EAC-72037FA85C3C}"
EndProject
Project("{FAE04EC0-301F-11D3-BF4B-00C04F79EFBC}") = "WinUX.UWP", "WinUX.UWP\WinUX.UWP.csproj", "{C3CF403C-D94E-4812-8072-97D927AFC432}"
EndProject
Project("{2150E333-8FDC-42A3-9474-1A3956D46DE8}") = "UWP", "UWP", "{07F8E2BB-E1D4-4785-9C22-500031395EBA}"
EndProject
Project("{FAE04EC0-301F-11D3-BF4B-00C04F79EFBC}") = "WinUX.UWP.MvvmLight", "WinUX.UWP.MvvmLight\WinUX.UWP.MvvmLight.csproj", "{CF6B91E4-3158-4D31-B0FB-E6C439F53A77}"
EndProject
Project("{FAE04EC0-301F-11D3-BF4B-00C04F79EFBC}") = "WinUX.UWP.Xaml", "WinUX.UWP.Xaml\WinUX.UWP.Xaml.csproj", "{2F606D33-BD8E-4AAD-A71B-594A4623BE67}"
EndProject
Project("{FAE04EC0-301F-11D3-BF4B-00C04F79EFBC}") = "WinUX.UWP.Xaml.Controls", "WinUX.UWP.Xaml.Controls\WinUX.UWP.Xaml.Controls.csproj", "{73287114-05C8-47D3-A1FF-CE866F12917C}"
EndProject
Project("{2150E333-8FDC-42A3-9474-1A3956D46DE8}") = "Android", "Android", "{E895FE37-4443-4FE6-8501-04C20577B348}"
EndProject
Project("{2150E333-8FDC-42A3-9474-1A3956D46DE8}") = "iOS", "iOS", "{B8C7C1F5-48F1-4F3F-89FF-F7029D0AADFD}"
EndProject
Project("{2150E333-8FDC-42A3-9474-1A3956D46DE8}") = "Common", "Common", "{0EEAF18F-B930-456D-9503-BC19CA2A0024}"
EndProject
Project("{FAE04EC0-301F-11D3-BF4B-00C04F79EFBC}") = "WinUX.Droid", "WinUX.Droid\WinUX.Droid.csproj", "{D660CD19-811E-4ED5-853C-DBABDCACD087}"
EndProject
Project("{FAE04EC0-301F-11D3-BF4B-00C04F79EFBC}") = "WinUX.iOS", "WinUX.iOS\WinUX.iOS.csproj", "{21F1197A-19A0-4EB1-8506-3DB1FD9BE6A3}"
EndProject
Project("{FAE04EC0-301F-11D3-BF4B-00C04F79EFBC}") = "WinUX.Common.MvvmLight", "WinUX.Common.MvvmLight\WinUX.Common.MvvmLight.csproj", "{0A17A382-1B43-4C6F-8887-61809409DA4B}"
EndProject
Project("{FAE04EC0-301F-11D3-BF4B-00C04F79EFBC}") = "WinUX.Droid.MvvmLight", "WinUX.Droid.MvvmLight\WinUX.Droid.MvvmLight.csproj", "{2884B0EA-C2C4-47ED-A2A6-C1A48CDAADFF}"
EndProject
Project("{FAE04EC0-301F-11D3-BF4B-00C04F79EFBC}") = "WinUX.iOS.MvvmLight", "WinUX.iOS.MvvmLight\WinUX.iOS.MvvmLight.csproj", "{18C6A1CA-E691-4084-8457-B40BB670707C}"
EndProject
Global
	GlobalSection(SolutionConfigurationPlatforms) = preSolution
		Debug|Any CPU = Debug|Any CPU
		Debug|ARM = Debug|ARM
		Debug|x64 = Debug|x64
		Debug|x86 = Debug|x86
		Release|Any CPU = Release|Any CPU
		Release|ARM = Release|ARM
		Release|x64 = Release|x64
		Release|x86 = Release|x86
	EndGlobalSection
	GlobalSection(ProjectConfigurationPlatforms) = postSolution
		{1A3DDB66-0155-4C26-9EAC-72037FA85C3C}.Debug|Any CPU.ActiveCfg = Debug|Any CPU
		{1A3DDB66-0155-4C26-9EAC-72037FA85C3C}.Debug|Any CPU.Build.0 = Debug|Any CPU
		{1A3DDB66-0155-4C26-9EAC-72037FA85C3C}.Debug|ARM.ActiveCfg = Debug|Any CPU
		{1A3DDB66-0155-4C26-9EAC-72037FA85C3C}.Debug|ARM.Build.0 = Debug|Any CPU
		{1A3DDB66-0155-4C26-9EAC-72037FA85C3C}.Debug|x64.ActiveCfg = Debug|Any CPU
		{1A3DDB66-0155-4C26-9EAC-72037FA85C3C}.Debug|x64.Build.0 = Debug|Any CPU
		{1A3DDB66-0155-4C26-9EAC-72037FA85C3C}.Debug|x86.ActiveCfg = Debug|Any CPU
		{1A3DDB66-0155-4C26-9EAC-72037FA85C3C}.Debug|x86.Build.0 = Debug|Any CPU
		{1A3DDB66-0155-4C26-9EAC-72037FA85C3C}.Release|Any CPU.ActiveCfg = Release|Any CPU
		{1A3DDB66-0155-4C26-9EAC-72037FA85C3C}.Release|Any CPU.Build.0 = Release|Any CPU
		{1A3DDB66-0155-4C26-9EAC-72037FA85C3C}.Release|ARM.ActiveCfg = Release|Any CPU
		{1A3DDB66-0155-4C26-9EAC-72037FA85C3C}.Release|ARM.Build.0 = Release|Any CPU
		{1A3DDB66-0155-4C26-9EAC-72037FA85C3C}.Release|x64.ActiveCfg = Release|Any CPU
		{1A3DDB66-0155-4C26-9EAC-72037FA85C3C}.Release|x64.Build.0 = Release|Any CPU
		{1A3DDB66-0155-4C26-9EAC-72037FA85C3C}.Release|x86.ActiveCfg = Release|Any CPU
		{1A3DDB66-0155-4C26-9EAC-72037FA85C3C}.Release|x86.Build.0 = Release|Any CPU
		{C3CF403C-D94E-4812-8072-97D927AFC432}.Debug|Any CPU.ActiveCfg = Debug|Any CPU
		{C3CF403C-D94E-4812-8072-97D927AFC432}.Debug|Any CPU.Build.0 = Debug|Any CPU
		{C3CF403C-D94E-4812-8072-97D927AFC432}.Debug|ARM.ActiveCfg = Debug|ARM
		{C3CF403C-D94E-4812-8072-97D927AFC432}.Debug|ARM.Build.0 = Debug|ARM
		{C3CF403C-D94E-4812-8072-97D927AFC432}.Debug|x64.ActiveCfg = Debug|x64
		{C3CF403C-D94E-4812-8072-97D927AFC432}.Debug|x64.Build.0 = Debug|x64
		{C3CF403C-D94E-4812-8072-97D927AFC432}.Debug|x86.ActiveCfg = Debug|x86
		{C3CF403C-D94E-4812-8072-97D927AFC432}.Debug|x86.Build.0 = Debug|x86
		{C3CF403C-D94E-4812-8072-97D927AFC432}.Release|Any CPU.ActiveCfg = Release|Any CPU
		{C3CF403C-D94E-4812-8072-97D927AFC432}.Release|Any CPU.Build.0 = Release|Any CPU
		{C3CF403C-D94E-4812-8072-97D927AFC432}.Release|ARM.ActiveCfg = Release|ARM
		{C3CF403C-D94E-4812-8072-97D927AFC432}.Release|ARM.Build.0 = Release|ARM
		{C3CF403C-D94E-4812-8072-97D927AFC432}.Release|x64.ActiveCfg = Release|x64
		{C3CF403C-D94E-4812-8072-97D927AFC432}.Release|x64.Build.0 = Release|x64
		{C3CF403C-D94E-4812-8072-97D927AFC432}.Release|x86.ActiveCfg = Release|x86
		{C3CF403C-D94E-4812-8072-97D927AFC432}.Release|x86.Build.0 = Release|x86
		{CF6B91E4-3158-4D31-B0FB-E6C439F53A77}.Debug|Any CPU.ActiveCfg = Debug|Any CPU
		{CF6B91E4-3158-4D31-B0FB-E6C439F53A77}.Debug|Any CPU.Build.0 = Debug|Any CPU
		{CF6B91E4-3158-4D31-B0FB-E6C439F53A77}.Debug|ARM.ActiveCfg = Debug|ARM
		{CF6B91E4-3158-4D31-B0FB-E6C439F53A77}.Debug|ARM.Build.0 = Debug|ARM
		{CF6B91E4-3158-4D31-B0FB-E6C439F53A77}.Debug|x64.ActiveCfg = Debug|x64
		{CF6B91E4-3158-4D31-B0FB-E6C439F53A77}.Debug|x64.Build.0 = Debug|x64
		{CF6B91E4-3158-4D31-B0FB-E6C439F53A77}.Debug|x86.ActiveCfg = Debug|x86
		{CF6B91E4-3158-4D31-B0FB-E6C439F53A77}.Debug|x86.Build.0 = Debug|x86
		{CF6B91E4-3158-4D31-B0FB-E6C439F53A77}.Release|Any CPU.ActiveCfg = Release|Any CPU
		{CF6B91E4-3158-4D31-B0FB-E6C439F53A77}.Release|Any CPU.Build.0 = Release|Any CPU
		{CF6B91E4-3158-4D31-B0FB-E6C439F53A77}.Release|ARM.ActiveCfg = Release|ARM
		{CF6B91E4-3158-4D31-B0FB-E6C439F53A77}.Release|ARM.Build.0 = Release|ARM
		{CF6B91E4-3158-4D31-B0FB-E6C439F53A77}.Release|x64.ActiveCfg = Release|x64
		{CF6B91E4-3158-4D31-B0FB-E6C439F53A77}.Release|x64.Build.0 = Release|x64
		{CF6B91E4-3158-4D31-B0FB-E6C439F53A77}.Release|x86.ActiveCfg = Release|x86
		{CF6B91E4-3158-4D31-B0FB-E6C439F53A77}.Release|x86.Build.0 = Release|x86
		{2F606D33-BD8E-4AAD-A71B-594A4623BE67}.Debug|Any CPU.ActiveCfg = Debug|Any CPU
		{2F606D33-BD8E-4AAD-A71B-594A4623BE67}.Debug|Any CPU.Build.0 = Debug|Any CPU
		{2F606D33-BD8E-4AAD-A71B-594A4623BE67}.Debug|ARM.ActiveCfg = Debug|ARM
		{2F606D33-BD8E-4AAD-A71B-594A4623BE67}.Debug|ARM.Build.0 = Debug|ARM
		{2F606D33-BD8E-4AAD-A71B-594A4623BE67}.Debug|x64.ActiveCfg = Debug|x64
		{2F606D33-BD8E-4AAD-A71B-594A4623BE67}.Debug|x64.Build.0 = Debug|x64
		{2F606D33-BD8E-4AAD-A71B-594A4623BE67}.Debug|x86.ActiveCfg = Debug|x86
		{2F606D33-BD8E-4AAD-A71B-594A4623BE67}.Debug|x86.Build.0 = Debug|x86
		{2F606D33-BD8E-4AAD-A71B-594A4623BE67}.Release|Any CPU.ActiveCfg = Release|Any CPU
		{2F606D33-BD8E-4AAD-A71B-594A4623BE67}.Release|Any CPU.Build.0 = Release|Any CPU
		{2F606D33-BD8E-4AAD-A71B-594A4623BE67}.Release|ARM.ActiveCfg = Release|ARM
		{2F606D33-BD8E-4AAD-A71B-594A4623BE67}.Release|ARM.Build.0 = Release|ARM
		{2F606D33-BD8E-4AAD-A71B-594A4623BE67}.Release|x64.ActiveCfg = Release|x64
		{2F606D33-BD8E-4AAD-A71B-594A4623BE67}.Release|x64.Build.0 = Release|x64
		{2F606D33-BD8E-4AAD-A71B-594A4623BE67}.Release|x86.ActiveCfg = Release|x86
		{2F606D33-BD8E-4AAD-A71B-594A4623BE67}.Release|x86.Build.0 = Release|x86
		{73287114-05C8-47D3-A1FF-CE866F12917C}.Debug|Any CPU.ActiveCfg = Debug|Any CPU
		{73287114-05C8-47D3-A1FF-CE866F12917C}.Debug|Any CPU.Build.0 = Debug|Any CPU
		{73287114-05C8-47D3-A1FF-CE866F12917C}.Debug|ARM.ActiveCfg = Debug|ARM
		{73287114-05C8-47D3-A1FF-CE866F12917C}.Debug|ARM.Build.0 = Debug|ARM
		{73287114-05C8-47D3-A1FF-CE866F12917C}.Debug|x64.ActiveCfg = Debug|x64
		{73287114-05C8-47D3-A1FF-CE866F12917C}.Debug|x64.Build.0 = Debug|x64
		{73287114-05C8-47D3-A1FF-CE866F12917C}.Debug|x86.ActiveCfg = Debug|x86
		{73287114-05C8-47D3-A1FF-CE866F12917C}.Debug|x86.Build.0 = Debug|x86
		{73287114-05C8-47D3-A1FF-CE866F12917C}.Release|Any CPU.ActiveCfg = Release|Any CPU
		{73287114-05C8-47D3-A1FF-CE866F12917C}.Release|Any CPU.Build.0 = Release|Any CPU
		{73287114-05C8-47D3-A1FF-CE866F12917C}.Release|ARM.ActiveCfg = Release|ARM
		{73287114-05C8-47D3-A1FF-CE866F12917C}.Release|ARM.Build.0 = Release|ARM
		{73287114-05C8-47D3-A1FF-CE866F12917C}.Release|x64.ActiveCfg = Release|x64
		{73287114-05C8-47D3-A1FF-CE866F12917C}.Release|x64.Build.0 = Release|x64
		{73287114-05C8-47D3-A1FF-CE866F12917C}.Release|x86.ActiveCfg = Release|x86
		{73287114-05C8-47D3-A1FF-CE866F12917C}.Release|x86.Build.0 = Release|x86
		{D660CD19-811E-4ED5-853C-DBABDCACD087}.Debug|Any CPU.ActiveCfg = Debug|Any CPU
		{D660CD19-811E-4ED5-853C-DBABDCACD087}.Debug|Any CPU.Build.0 = Debug|Any CPU
		{D660CD19-811E-4ED5-853C-DBABDCACD087}.Debug|ARM.ActiveCfg = Debug|Any CPU
		{D660CD19-811E-4ED5-853C-DBABDCACD087}.Debug|ARM.Build.0 = Debug|Any CPU
		{D660CD19-811E-4ED5-853C-DBABDCACD087}.Debug|x64.ActiveCfg = Debug|Any CPU
		{D660CD19-811E-4ED5-853C-DBABDCACD087}.Debug|x64.Build.0 = Debug|Any CPU
		{D660CD19-811E-4ED5-853C-DBABDCACD087}.Debug|x86.ActiveCfg = Debug|Any CPU
		{D660CD19-811E-4ED5-853C-DBABDCACD087}.Debug|x86.Build.0 = Debug|Any CPU
		{D660CD19-811E-4ED5-853C-DBABDCACD087}.Release|Any CPU.ActiveCfg = Release|Any CPU
		{D660CD19-811E-4ED5-853C-DBABDCACD087}.Release|Any CPU.Build.0 = Release|Any CPU
		{D660CD19-811E-4ED5-853C-DBABDCACD087}.Release|ARM.ActiveCfg = Release|Any CPU
		{D660CD19-811E-4ED5-853C-DBABDCACD087}.Release|ARM.Build.0 = Release|Any CPU
		{D660CD19-811E-4ED5-853C-DBABDCACD087}.Release|x64.ActiveCfg = Release|Any CPU
		{D660CD19-811E-4ED5-853C-DBABDCACD087}.Release|x64.Build.0 = Release|Any CPU
		{D660CD19-811E-4ED5-853C-DBABDCACD087}.Release|x86.ActiveCfg = Release|Any CPU
		{D660CD19-811E-4ED5-853C-DBABDCACD087}.Release|x86.Build.0 = Release|Any CPU
		{21F1197A-19A0-4EB1-8506-3DB1FD9BE6A3}.Debug|Any CPU.ActiveCfg = Debug|Any CPU
		{21F1197A-19A0-4EB1-8506-3DB1FD9BE6A3}.Debug|Any CPU.Build.0 = Debug|Any CPU
		{21F1197A-19A0-4EB1-8506-3DB1FD9BE6A3}.Debug|ARM.ActiveCfg = Debug|Any CPU
		{21F1197A-19A0-4EB1-8506-3DB1FD9BE6A3}.Debug|ARM.Build.0 = Debug|Any CPU
		{21F1197A-19A0-4EB1-8506-3DB1FD9BE6A3}.Debug|x64.ActiveCfg = Debug|Any CPU
		{21F1197A-19A0-4EB1-8506-3DB1FD9BE6A3}.Debug|x64.Build.0 = Debug|Any CPU
		{21F1197A-19A0-4EB1-8506-3DB1FD9BE6A3}.Debug|x86.ActiveCfg = Debug|Any CPU
		{21F1197A-19A0-4EB1-8506-3DB1FD9BE6A3}.Debug|x86.Build.0 = Debug|Any CPU
		{21F1197A-19A0-4EB1-8506-3DB1FD9BE6A3}.Release|Any CPU.ActiveCfg = Release|Any CPU
		{21F1197A-19A0-4EB1-8506-3DB1FD9BE6A3}.Release|Any CPU.Build.0 = Release|Any CPU
		{21F1197A-19A0-4EB1-8506-3DB1FD9BE6A3}.Release|ARM.ActiveCfg = Release|Any CPU
		{21F1197A-19A0-4EB1-8506-3DB1FD9BE6A3}.Release|ARM.Build.0 = Release|Any CPU
		{21F1197A-19A0-4EB1-8506-3DB1FD9BE6A3}.Release|x64.ActiveCfg = Release|Any CPU
		{21F1197A-19A0-4EB1-8506-3DB1FD9BE6A3}.Release|x64.Build.0 = Release|Any CPU
		{21F1197A-19A0-4EB1-8506-3DB1FD9BE6A3}.Release|x86.ActiveCfg = Release|Any CPU
		{21F1197A-19A0-4EB1-8506-3DB1FD9BE6A3}.Release|x86.Build.0 = Release|Any CPU
		{0A17A382-1B43-4C6F-8887-61809409DA4B}.Debug|Any CPU.ActiveCfg = Debug|Any CPU
		{0A17A382-1B43-4C6F-8887-61809409DA4B}.Debug|Any CPU.Build.0 = Debug|Any CPU
		{0A17A382-1B43-4C6F-8887-61809409DA4B}.Debug|ARM.ActiveCfg = Debug|Any CPU
		{0A17A382-1B43-4C6F-8887-61809409DA4B}.Debug|ARM.Build.0 = Debug|Any CPU
		{0A17A382-1B43-4C6F-8887-61809409DA4B}.Debug|x64.ActiveCfg = Debug|Any CPU
		{0A17A382-1B43-4C6F-8887-61809409DA4B}.Debug|x64.Build.0 = Debug|Any CPU
		{0A17A382-1B43-4C6F-8887-61809409DA4B}.Debug|x86.ActiveCfg = Debug|Any CPU
		{0A17A382-1B43-4C6F-8887-61809409DA4B}.Debug|x86.Build.0 = Debug|Any CPU
		{0A17A382-1B43-4C6F-8887-61809409DA4B}.Release|Any CPU.ActiveCfg = Release|Any CPU
		{0A17A382-1B43-4C6F-8887-61809409DA4B}.Release|Any CPU.Build.0 = Release|Any CPU
		{0A17A382-1B43-4C6F-8887-61809409DA4B}.Release|ARM.ActiveCfg = Release|Any CPU
		{0A17A382-1B43-4C6F-8887-61809409DA4B}.Release|ARM.Build.0 = Release|Any CPU
		{0A17A382-1B43-4C6F-8887-61809409DA4B}.Release|x64.ActiveCfg = Release|Any CPU
		{0A17A382-1B43-4C6F-8887-61809409DA4B}.Release|x64.Build.0 = Release|Any CPU
		{0A17A382-1B43-4C6F-8887-61809409DA4B}.Release|x86.ActiveCfg = Release|Any CPU
		{0A17A382-1B43-4C6F-8887-61809409DA4B}.Release|x86.Build.0 = Release|Any CPU
		{2884B0EA-C2C4-47ED-A2A6-C1A48CDAADFF}.Debug|Any CPU.ActiveCfg = Debug|Any CPU
		{2884B0EA-C2C4-47ED-A2A6-C1A48CDAADFF}.Debug|Any CPU.Build.0 = Debug|Any CPU
		{2884B0EA-C2C4-47ED-A2A6-C1A48CDAADFF}.Debug|ARM.ActiveCfg = Debug|Any CPU
		{2884B0EA-C2C4-47ED-A2A6-C1A48CDAADFF}.Debug|ARM.Build.0 = Debug|Any CPU
		{2884B0EA-C2C4-47ED-A2A6-C1A48CDAADFF}.Debug|x64.ActiveCfg = Debug|Any CPU
		{2884B0EA-C2C4-47ED-A2A6-C1A48CDAADFF}.Debug|x64.Build.0 = Debug|Any CPU
		{2884B0EA-C2C4-47ED-A2A6-C1A48CDAADFF}.Debug|x86.ActiveCfg = Debug|Any CPU
		{2884B0EA-C2C4-47ED-A2A6-C1A48CDAADFF}.Debug|x86.Build.0 = Debug|Any CPU
		{2884B0EA-C2C4-47ED-A2A6-C1A48CDAADFF}.Release|Any CPU.ActiveCfg = Release|Any CPU
		{2884B0EA-C2C4-47ED-A2A6-C1A48CDAADFF}.Release|Any CPU.Build.0 = Release|Any CPU
		{2884B0EA-C2C4-47ED-A2A6-C1A48CDAADFF}.Release|ARM.ActiveCfg = Release|Any CPU
		{2884B0EA-C2C4-47ED-A2A6-C1A48CDAADFF}.Release|ARM.Build.0 = Release|Any CPU
		{2884B0EA-C2C4-47ED-A2A6-C1A48CDAADFF}.Release|x64.ActiveCfg = Release|Any CPU
		{2884B0EA-C2C4-47ED-A2A6-C1A48CDAADFF}.Release|x64.Build.0 = Release|Any CPU
		{2884B0EA-C2C4-47ED-A2A6-C1A48CDAADFF}.Release|x86.ActiveCfg = Release|Any CPU
		{2884B0EA-C2C4-47ED-A2A6-C1A48CDAADFF}.Release|x86.Build.0 = Release|Any CPU
		{18C6A1CA-E691-4084-8457-B40BB670707C}.Debug|Any CPU.ActiveCfg = Debug|Any CPU
		{18C6A1CA-E691-4084-8457-B40BB670707C}.Debug|Any CPU.Build.0 = Debug|Any CPU
		{18C6A1CA-E691-4084-8457-B40BB670707C}.Debug|ARM.ActiveCfg = Debug|Any CPU
		{18C6A1CA-E691-4084-8457-B40BB670707C}.Debug|ARM.Build.0 = Debug|Any CPU
		{18C6A1CA-E691-4084-8457-B40BB670707C}.Debug|x64.ActiveCfg = Debug|Any CPU
		{18C6A1CA-E691-4084-8457-B40BB670707C}.Debug|x64.Build.0 = Debug|Any CPU
		{18C6A1CA-E691-4084-8457-B40BB670707C}.Debug|x86.ActiveCfg = Debug|Any CPU
		{18C6A1CA-E691-4084-8457-B40BB670707C}.Debug|x86.Build.0 = Debug|Any CPU
		{18C6A1CA-E691-4084-8457-B40BB670707C}.Release|Any CPU.ActiveCfg = Release|Any CPU
		{18C6A1CA-E691-4084-8457-B40BB670707C}.Release|Any CPU.Build.0 = Release|Any CPU
		{18C6A1CA-E691-4084-8457-B40BB670707C}.Release|ARM.ActiveCfg = Release|Any CPU
		{18C6A1CA-E691-4084-8457-B40BB670707C}.Release|ARM.Build.0 = Release|Any CPU
		{18C6A1CA-E691-4084-8457-B40BB670707C}.Release|x64.ActiveCfg = Release|Any CPU
		{18C6A1CA-E691-4084-8457-B40BB670707C}.Release|x64.Build.0 = Release|Any CPU
		{18C6A1CA-E691-4084-8457-B40BB670707C}.Release|x86.ActiveCfg = Release|Any CPU
		{18C6A1CA-E691-4084-8457-B40BB670707C}.Release|x86.Build.0 = Release|Any CPU
	EndGlobalSection
	GlobalSection(SolutionProperties) = preSolution
		HideSolutionNode = FALSE
	EndGlobalSection
	GlobalSection(NestedProjects) = preSolution
		{1A3DDB66-0155-4C26-9EAC-72037FA85C3C} = {0EEAF18F-B930-456D-9503-BC19CA2A0024}
		{C3CF403C-D94E-4812-8072-97D927AFC432} = {07F8E2BB-E1D4-4785-9C22-500031395EBA}
		{CF6B91E4-3158-4D31-B0FB-E6C439F53A77} = {07F8E2BB-E1D4-4785-9C22-500031395EBA}
		{2F606D33-BD8E-4AAD-A71B-594A4623BE67} = {07F8E2BB-E1D4-4785-9C22-500031395EBA}
		{73287114-05C8-47D3-A1FF-CE866F12917C} = {07F8E2BB-E1D4-4785-9C22-500031395EBA}
		{D660CD19-811E-4ED5-853C-DBABDCACD087} = {E895FE37-4443-4FE6-8501-04C20577B348}
		{21F1197A-19A0-4EB1-8506-3DB1FD9BE6A3} = {B8C7C1F5-48F1-4F3F-89FF-F7029D0AADFD}
		{0A17A382-1B43-4C6F-8887-61809409DA4B} = {0EEAF18F-B930-456D-9503-BC19CA2A0024}
		{2884B0EA-C2C4-47ED-A2A6-C1A48CDAADFF} = {E895FE37-4443-4FE6-8501-04C20577B348}
		{18C6A1CA-E691-4084-8457-B40BB670707C} = {B8C7C1F5-48F1-4F3F-89FF-F7029D0AADFD}
	EndGlobalSection
EndGlobal
