
Microsoft Visual Studio Solution File, Format Version 12.00
# Visual Studio 15
VisualStudioVersion = 15.0.26430.14
MinimumVisualStudioVersion = 10.0.40219.1
Project("{FAE04EC0-301F-11D3-BF4B-00C04F79EFBC}") = "WinUX.Common", "WinUX.Common\WinUX.Common.csproj", "{1A3DDB66-0155-4C26-9EAC-72037FA85C3C}"
EndProject
Project("{FAE04EC0-301F-11D3-BF4B-00C04F79EFBC}") = "WinUX.UWP", "WinUX.UWP\WinUX.UWP.csproj", "{C3CF403C-D94E-4812-8072-97D927AFC432}"
EndProject
Project("{2150E333-8FDC-42A3-9474-1A3956D46DE8}") = "UWP", "UWP", "{07F8E2BB-E1D4-4785-9C22-500031395EBA}"
EndProject
Project("{FAE04EC0-301F-11D3-BF4B-00C04F79EFBC}") = "WinUX.UWP.MvvmLight", "WinUX.UWP.MvvmLight\WinUX.UWP.MvvmLight.csproj", "{CF6B91E4-3158-4D31-B0FB-E6C439F53A77}"
EndProject
Project("{FAE04EC0-301F-11D3-BF4B-00C04F79EFBC}") = "WinUX.UWP.Xaml", "WinUX.UWP.Xaml\WinUX.UWP.Xaml.csproj", "{2F606D33-BD8E-4AAD-A71B-594A4623BE67}"
EndProject
Project("{FAE04EC0-301F-11D3-BF4B-00C04F79EFBC}") = "WinUX.UWP.Xaml.Controls", "WinUX.UWP.Xaml.Controls\WinUX.UWP.Xaml.Controls.csproj", "{73287114-05C8-47D3-A1FF-CE866F12917C}"
EndProject
Project("{2150E333-8FDC-42A3-9474-1A3956D46DE8}") = "Android", "Android", "{E895FE37-4443-4FE6-8501-04C20577B348}"
EndProject
Project("{2150E333-8FDC-42A3-9474-1A3956D46DE8}") = "iOS", "iOS", "{B8C7C1F5-48F1-4F3F-89FF-F7029D0AADFD}"
EndProject
Project("{2150E333-8FDC-42A3-9474-1A3956D46DE8}") = "Common", "Common", "{0EEAF18F-B930-456D-9503-BC19CA2A0024}"
EndProject
Project("{FAE04EC0-301F-11D3-BF4B-00C04F79EFBC}") = "WinUX.Droid", "WinUX.Droid\WinUX.Droid.csproj", "{D660CD19-811E-4ED5-853C-DBABDCACD087}"
EndProject
Project("{FAE04EC0-301F-11D3-BF4B-00C04F79EFBC}") = "WinUX.iOS", "WinUX.iOS\WinUX.iOS.csproj", "{21F1197A-19A0-4EB1-8506-3DB1FD9BE6A3}"
EndProject
Project("{FAE04EC0-301F-11D3-BF4B-00C04F79EFBC}") = "WinUX.Common.MvvmLight", "WinUX.Common.MvvmLight\WinUX.Common.MvvmLight.csproj", "{0A17A382-1B43-4C6F-8887-61809409DA4B}"
EndProject
Project("{FAE04EC0-301F-11D3-BF4B-00C04F79EFBC}") = "WinUX.Droid.MvvmLight", "WinUX.Droid.MvvmLight\WinUX.Droid.MvvmLight.csproj", "{2884B0EA-C2C4-47ED-A2A6-C1A48CDAADFF}"
EndProject
Project("{FAE04EC0-301F-11D3-BF4B-00C04F79EFBC}") = "WinUX.iOS.MvvmLight", "WinUX.iOS.MvvmLight\WinUX.iOS.MvvmLight.csproj", "{18C6A1CA-E691-4084-8457-B40BB670707C}"
EndProject
Project("{FAE04EC0-301F-11D3-BF4B-00C04F79EFBC}") = "WinUX.Droid.Geolocation", "WinUX.Droid.Geolocation\WinUX.Droid.Geolocation.csproj", "{473A4071-9C9D-41AC-9CB8-16593F58AC3C}"
EndProject
Project("{FAE04EC0-301F-11D3-BF4B-00C04F79EFBC}") = "WinUX.Droid.Networking", "WinUX.Droid.Networking\WinUX.Droid.Networking.csproj", "{1441114C-1F25-4C33-BFC2-417DBB48CD38}"
EndProject
Project("{FAE04EC0-301F-11D3-BF4B-00C04F79EFBC}") = "WinUX.iOS.Geolocation", "WinUX.iOS.Geolocation\WinUX.iOS.Geolocation.csproj", "{A675F405-142D-4571-BB93-FEFC702514B8}"
EndProject
Project("{FAE04EC0-301F-11D3-BF4B-00C04F79EFBC}") = "WinUX.iOS.Networking", "WinUX.iOS.Networking\WinUX.iOS.Networking.csproj", "{AEC72374-68BB-4E1A-BB23-024075348539}"
EndProject
Project("{FAE04EC0-301F-11D3-BF4B-00C04F79EFBC}") = "WinUX.Common.Geolocation", "WinUX.Common.Geolocation\WinUX.Common.Geolocation.csproj", "{1BE54AF5-0ACA-438C-B5A6-BA23F6B5D5AF}"
EndProject
Project("{FAE04EC0-301F-11D3-BF4B-00C04F79EFBC}") = "WinUX.Common.Networking", "WinUX.Common.Neworking\WinUX.Common.Networking.csproj", "{B1685465-0127-47DA-BAED-C0BF21B9DB17}"
EndProject
Project("{FAE04EC0-301F-11D3-BF4B-00C04F79EFBC}") = "WinUX.UWP.Geolocation", "WinUX.UWP.Geolocation\WinUX.UWP.Geolocation.csproj", "{61C0233E-5446-4123-A4A3-5D9F76482A5C}"
EndProject
Project("{FAE04EC0-301F-11D3-BF4B-00C04F79EFBC}") = "WinUX.UWP.Networking", "WinUX.UWP.Networking\WinUX.UWP.Networking.csproj", "{540CDFDB-50D7-4A40-989C-CACC10BDE684}"
EndProject
Project("{FAE04EC0-301F-11D3-BF4B-00C04F79EFBC}") = "WinUX.Droid.Diagnostics", "WinUX.Droid.Diagnostics\WinUX.Droid.Diagnostics.csproj", "{1AC2D23C-7DC3-490B-9717-16FA4F41AF77}"
EndProject
Project("{FAE04EC0-301F-11D3-BF4B-00C04F79EFBC}") = "WinUX.Common.Diagnostics", "WinUX.Common.Diagnostics\WinUX.Common.Diagnostics.csproj", "{C7578B09-E95F-48A3-AC70-931D3829064C}"
EndProject
Project("{FAE04EC0-301F-11D3-BF4B-00C04F79EFBC}") = "WinUX.iOS.Diagnostics", "WinUX.iOS.Diagnostics.cs\WinUX.iOS.Diagnostics.csproj", "{9FAFD819-DF73-4953-940E-E37F1550197B}"
EndProject
Project("{FAE04EC0-301F-11D3-BF4B-00C04F79EFBC}") = "WinUX.UWP.Diagnostics", "WinUX.UWP.Diagnostics\WinUX.UWP.Diagnostics.csproj", "{65187146-C9EE-4730-918A-0F3A5377C3F0}"
EndProject
Project("{FAE04EC0-301F-11D3-BF4B-00C04F79EFBC}") = "WinUX.Common.Data", "WinUX.Common.Serialization\WinUX.Common.Data.csproj", "{DC31D9BB-7BB7-4AB6-829B-47E23F187DC3}"
EndProject
Global
	GlobalSection(SolutionConfigurationPlatforms) = preSolution
		Debug|Any CPU = Debug|Any CPU
		Debug|ARM = Debug|ARM
		Debug|x64 = Debug|x64
		Debug|x86 = Debug|x86
		Release|Any CPU = Release|Any CPU
		Release|ARM = Release|ARM
		Release|x64 = Release|x64
		Release|x86 = Release|x86
	EndGlobalSection
	GlobalSection(ProjectConfigurationPlatforms) = postSolution
		{1A3DDB66-0155-4C26-9EAC-72037FA85C3C}.Debug|Any CPU.ActiveCfg = Debug|Any CPU
		{1A3DDB66-0155-4C26-9EAC-72037FA85C3C}.Debug|Any CPU.Build.0 = Debug|Any CPU
		{1A3DDB66-0155-4C26-9EAC-72037FA85C3C}.Debug|ARM.ActiveCfg = Debug|Any CPU
		{1A3DDB66-0155-4C26-9EAC-72037FA85C3C}.Debug|ARM.Build.0 = Debug|Any CPU
		{1A3DDB66-0155-4C26-9EAC-72037FA85C3C}.Debug|x64.ActiveCfg = Debug|Any CPU
		{1A3DDB66-0155-4C26-9EAC-72037FA85C3C}.Debug|x64.Build.0 = Debug|Any CPU
		{1A3DDB66-0155-4C26-9EAC-72037FA85C3C}.Debug|x86.ActiveCfg = Debug|Any CPU
		{1A3DDB66-0155-4C26-9EAC-72037FA85C3C}.Debug|x86.Build.0 = Debug|Any CPU
		{1A3DDB66-0155-4C26-9EAC-72037FA85C3C}.Release|Any CPU.ActiveCfg = Release|Any CPU
		{1A3DDB66-0155-4C26-9EAC-72037FA85C3C}.Release|Any CPU.Build.0 = Release|Any CPU
		{1A3DDB66-0155-4C26-9EAC-72037FA85C3C}.Release|ARM.ActiveCfg = Release|Any CPU
		{1A3DDB66-0155-4C26-9EAC-72037FA85C3C}.Release|ARM.Build.0 = Release|Any CPU
		{1A3DDB66-0155-4C26-9EAC-72037FA85C3C}.Release|x64.ActiveCfg = Release|Any CPU
		{1A3DDB66-0155-4C26-9EAC-72037FA85C3C}.Release|x64.Build.0 = Release|Any CPU
		{1A3DDB66-0155-4C26-9EAC-72037FA85C3C}.Release|x86.ActiveCfg = Release|Any CPU
		{1A3DDB66-0155-4C26-9EAC-72037FA85C3C}.Release|x86.Build.0 = Release|Any CPU
		{C3CF403C-D94E-4812-8072-97D927AFC432}.Debug|Any CPU.ActiveCfg = Debug|Any CPU
		{C3CF403C-D94E-4812-8072-97D927AFC432}.Debug|Any CPU.Build.0 = Debug|Any CPU
		{C3CF403C-D94E-4812-8072-97D927AFC432}.Debug|ARM.ActiveCfg = Debug|ARM
		{C3CF403C-D94E-4812-8072-97D927AFC432}.Debug|ARM.Build.0 = Debug|ARM
		{C3CF403C-D94E-4812-8072-97D927AFC432}.Debug|x64.ActiveCfg = Debug|x64
		{C3CF403C-D94E-4812-8072-97D927AFC432}.Debug|x64.Build.0 = Debug|x64
		{C3CF403C-D94E-4812-8072-97D927AFC432}.Debug|x86.ActiveCfg = Debug|x86
		{C3CF403C-D94E-4812-8072-97D927AFC432}.Debug|x86.Build.0 = Debug|x86
		{C3CF403C-D94E-4812-8072-97D927AFC432}.Release|Any CPU.ActiveCfg = Release|Any CPU
		{C3CF403C-D94E-4812-8072-97D927AFC432}.Release|Any CPU.Build.0 = Release|Any CPU
		{C3CF403C-D94E-4812-8072-97D927AFC432}.Release|ARM.ActiveCfg = Release|ARM
		{C3CF403C-D94E-4812-8072-97D927AFC432}.Release|ARM.Build.0 = Release|ARM
		{C3CF403C-D94E-4812-8072-97D927AFC432}.Release|x64.ActiveCfg = Release|x64
		{C3CF403C-D94E-4812-8072-97D927AFC432}.Release|x64.Build.0 = Release|x64
		{C3CF403C-D94E-4812-8072-97D927AFC432}.Release|x86.ActiveCfg = Release|x86
		{C3CF403C-D94E-4812-8072-97D927AFC432}.Release|x86.Build.0 = Release|x86
		{CF6B91E4-3158-4D31-B0FB-E6C439F53A77}.Debug|Any CPU.ActiveCfg = Debug|Any CPU
		{CF6B91E4-3158-4D31-B0FB-E6C439F53A77}.Debug|Any CPU.Build.0 = Debug|Any CPU
		{CF6B91E4-3158-4D31-B0FB-E6C439F53A77}.Debug|ARM.ActiveCfg = Debug|ARM
		{CF6B91E4-3158-4D31-B0FB-E6C439F53A77}.Debug|ARM.Build.0 = Debug|ARM
		{CF6B91E4-3158-4D31-B0FB-E6C439F53A77}.Debug|x64.ActiveCfg = Debug|x64
		{CF6B91E4-3158-4D31-B0FB-E6C439F53A77}.Debug|x64.Build.0 = Debug|x64
		{CF6B91E4-3158-4D31-B0FB-E6C439F53A77}.Debug|x86.ActiveCfg = Debug|x86
		{CF6B91E4-3158-4D31-B0FB-E6C439F53A77}.Debug|x86.Build.0 = Debug|x86
		{CF6B91E4-3158-4D31-B0FB-E6C439F53A77}.Release|Any CPU.ActiveCfg = Release|Any CPU
		{CF6B91E4-3158-4D31-B0FB-E6C439F53A77}.Release|Any CPU.Build.0 = Release|Any CPU
		{CF6B91E4-3158-4D31-B0FB-E6C439F53A77}.Release|ARM.ActiveCfg = Release|ARM
		{CF6B91E4-3158-4D31-B0FB-E6C439F53A77}.Release|ARM.Build.0 = Release|ARM
		{CF6B91E4-3158-4D31-B0FB-E6C439F53A77}.Release|x64.ActiveCfg = Release|x64
		{CF6B91E4-3158-4D31-B0FB-E6C439F53A77}.Release|x64.Build.0 = Release|x64
		{CF6B91E4-3158-4D31-B0FB-E6C439F53A77}.Release|x86.ActiveCfg = Release|x86
		{CF6B91E4-3158-4D31-B0FB-E6C439F53A77}.Release|x86.Build.0 = Release|x86
		{2F606D33-BD8E-4AAD-A71B-594A4623BE67}.Debug|Any CPU.ActiveCfg = Debug|Any CPU
		{2F606D33-BD8E-4AAD-A71B-594A4623BE67}.Debug|Any CPU.Build.0 = Debug|Any CPU
		{2F606D33-BD8E-4AAD-A71B-594A4623BE67}.Debug|ARM.ActiveCfg = Debug|ARM
		{2F606D33-BD8E-4AAD-A71B-594A4623BE67}.Debug|ARM.Build.0 = Debug|ARM
		{2F606D33-BD8E-4AAD-A71B-594A4623BE67}.Debug|x64.ActiveCfg = Debug|x64
		{2F606D33-BD8E-4AAD-A71B-594A4623BE67}.Debug|x64.Build.0 = Debug|x64
		{2F606D33-BD8E-4AAD-A71B-594A4623BE67}.Debug|x86.ActiveCfg = Debug|x86
		{2F606D33-BD8E-4AAD-A71B-594A4623BE67}.Debug|x86.Build.0 = Debug|x86
		{2F606D33-BD8E-4AAD-A71B-594A4623BE67}.Release|Any CPU.ActiveCfg = Release|Any CPU
		{2F606D33-BD8E-4AAD-A71B-594A4623BE67}.Release|Any CPU.Build.0 = Release|Any CPU
		{2F606D33-BD8E-4AAD-A71B-594A4623BE67}.Release|ARM.ActiveCfg = Release|ARM
		{2F606D33-BD8E-4AAD-A71B-594A4623BE67}.Release|ARM.Build.0 = Release|ARM
		{2F606D33-BD8E-4AAD-A71B-594A4623BE67}.Release|x64.ActiveCfg = Release|x64
		{2F606D33-BD8E-4AAD-A71B-594A4623BE67}.Release|x64.Build.0 = Release|x64
		{2F606D33-BD8E-4AAD-A71B-594A4623BE67}.Release|x86.ActiveCfg = Release|x86
		{2F606D33-BD8E-4AAD-A71B-594A4623BE67}.Release|x86.Build.0 = Release|x86
		{73287114-05C8-47D3-A1FF-CE866F12917C}.Debug|Any CPU.ActiveCfg = Debug|Any CPU
		{73287114-05C8-47D3-A1FF-CE866F12917C}.Debug|Any CPU.Build.0 = Debug|Any CPU
		{73287114-05C8-47D3-A1FF-CE866F12917C}.Debug|ARM.ActiveCfg = Debug|ARM
		{73287114-05C8-47D3-A1FF-CE866F12917C}.Debug|ARM.Build.0 = Debug|ARM
		{73287114-05C8-47D3-A1FF-CE866F12917C}.Debug|x64.ActiveCfg = Debug|x64
		{73287114-05C8-47D3-A1FF-CE866F12917C}.Debug|x64.Build.0 = Debug|x64
		{73287114-05C8-47D3-A1FF-CE866F12917C}.Debug|x86.ActiveCfg = Debug|x86
		{73287114-05C8-47D3-A1FF-CE866F12917C}.Debug|x86.Build.0 = Debug|x86
		{73287114-05C8-47D3-A1FF-CE866F12917C}.Release|Any CPU.ActiveCfg = Release|Any CPU
		{73287114-05C8-47D3-A1FF-CE866F12917C}.Release|Any CPU.Build.0 = Release|Any CPU
		{73287114-05C8-47D3-A1FF-CE866F12917C}.Release|ARM.ActiveCfg = Release|ARM
		{73287114-05C8-47D3-A1FF-CE866F12917C}.Release|ARM.Build.0 = Release|ARM
		{73287114-05C8-47D3-A1FF-CE866F12917C}.Release|x64.ActiveCfg = Release|x64
		{73287114-05C8-47D3-A1FF-CE866F12917C}.Release|x64.Build.0 = Release|x64
		{73287114-05C8-47D3-A1FF-CE866F12917C}.Release|x86.ActiveCfg = Release|x86
		{73287114-05C8-47D3-A1FF-CE866F12917C}.Release|x86.Build.0 = Release|x86
		{D660CD19-811E-4ED5-853C-DBABDCACD087}.Debug|Any CPU.ActiveCfg = Debug|Any CPU
		{D660CD19-811E-4ED5-853C-DBABDCACD087}.Debug|Any CPU.Build.0 = Debug|Any CPU
		{D660CD19-811E-4ED5-853C-DBABDCACD087}.Debug|ARM.ActiveCfg = Debug|Any CPU
		{D660CD19-811E-4ED5-853C-DBABDCACD087}.Debug|ARM.Build.0 = Debug|Any CPU
		{D660CD19-811E-4ED5-853C-DBABDCACD087}.Debug|x64.ActiveCfg = Debug|Any CPU
		{D660CD19-811E-4ED5-853C-DBABDCACD087}.Debug|x64.Build.0 = Debug|Any CPU
		{D660CD19-811E-4ED5-853C-DBABDCACD087}.Debug|x86.ActiveCfg = Debug|Any CPU
		{D660CD19-811E-4ED5-853C-DBABDCACD087}.Debug|x86.Build.0 = Debug|Any CPU
		{D660CD19-811E-4ED5-853C-DBABDCACD087}.Release|Any CPU.ActiveCfg = Release|Any CPU
		{D660CD19-811E-4ED5-853C-DBABDCACD087}.Release|Any CPU.Build.0 = Release|Any CPU
		{D660CD19-811E-4ED5-853C-DBABDCACD087}.Release|ARM.ActiveCfg = Release|Any CPU
		{D660CD19-811E-4ED5-853C-DBABDCACD087}.Release|ARM.Build.0 = Release|Any CPU
		{D660CD19-811E-4ED5-853C-DBABDCACD087}.Release|x64.ActiveCfg = Release|Any CPU
		{D660CD19-811E-4ED5-853C-DBABDCACD087}.Release|x64.Build.0 = Release|Any CPU
		{D660CD19-811E-4ED5-853C-DBABDCACD087}.Release|x86.ActiveCfg = Release|Any CPU
		{D660CD19-811E-4ED5-853C-DBABDCACD087}.Release|x86.Build.0 = Release|Any CPU
		{21F1197A-19A0-4EB1-8506-3DB1FD9BE6A3}.Debug|Any CPU.ActiveCfg = Debug|Any CPU
		{21F1197A-19A0-4EB1-8506-3DB1FD9BE6A3}.Debug|Any CPU.Build.0 = Debug|Any CPU
		{21F1197A-19A0-4EB1-8506-3DB1FD9BE6A3}.Debug|ARM.ActiveCfg = Debug|Any CPU
		{21F1197A-19A0-4EB1-8506-3DB1FD9BE6A3}.Debug|ARM.Build.0 = Debug|Any CPU
		{21F1197A-19A0-4EB1-8506-3DB1FD9BE6A3}.Debug|x64.ActiveCfg = Debug|Any CPU
		{21F1197A-19A0-4EB1-8506-3DB1FD9BE6A3}.Debug|x64.Build.0 = Debug|Any CPU
		{21F1197A-19A0-4EB1-8506-3DB1FD9BE6A3}.Debug|x86.ActiveCfg = Debug|Any CPU
		{21F1197A-19A0-4EB1-8506-3DB1FD9BE6A3}.Debug|x86.Build.0 = Debug|Any CPU
		{21F1197A-19A0-4EB1-8506-3DB1FD9BE6A3}.Release|Any CPU.ActiveCfg = Release|Any CPU
		{21F1197A-19A0-4EB1-8506-3DB1FD9BE6A3}.Release|Any CPU.Build.0 = Release|Any CPU
		{21F1197A-19A0-4EB1-8506-3DB1FD9BE6A3}.Release|ARM.ActiveCfg = Release|Any CPU
		{21F1197A-19A0-4EB1-8506-3DB1FD9BE6A3}.Release|ARM.Build.0 = Release|Any CPU
		{21F1197A-19A0-4EB1-8506-3DB1FD9BE6A3}.Release|x64.ActiveCfg = Release|Any CPU
		{21F1197A-19A0-4EB1-8506-3DB1FD9BE6A3}.Release|x64.Build.0 = Release|Any CPU
		{21F1197A-19A0-4EB1-8506-3DB1FD9BE6A3}.Release|x86.ActiveCfg = Release|Any CPU
		{21F1197A-19A0-4EB1-8506-3DB1FD9BE6A3}.Release|x86.Build.0 = Release|Any CPU
		{0A17A382-1B43-4C6F-8887-61809409DA4B}.Debug|Any CPU.ActiveCfg = Debug|Any CPU
		{0A17A382-1B43-4C6F-8887-61809409DA4B}.Debug|Any CPU.Build.0 = Debug|Any CPU
		{0A17A382-1B43-4C6F-8887-61809409DA4B}.Debug|ARM.ActiveCfg = Debug|Any CPU
		{0A17A382-1B43-4C6F-8887-61809409DA4B}.Debug|ARM.Build.0 = Debug|Any CPU
		{0A17A382-1B43-4C6F-8887-61809409DA4B}.Debug|x64.ActiveCfg = Debug|Any CPU
		{0A17A382-1B43-4C6F-8887-61809409DA4B}.Debug|x64.Build.0 = Debug|Any CPU
		{0A17A382-1B43-4C6F-8887-61809409DA4B}.Debug|x86.ActiveCfg = Debug|Any CPU
		{0A17A382-1B43-4C6F-8887-61809409DA4B}.Debug|x86.Build.0 = Debug|Any CPU
		{0A17A382-1B43-4C6F-8887-61809409DA4B}.Release|Any CPU.ActiveCfg = Release|Any CPU
		{0A17A382-1B43-4C6F-8887-61809409DA4B}.Release|Any CPU.Build.0 = Release|Any CPU
		{0A17A382-1B43-4C6F-8887-61809409DA4B}.Release|ARM.ActiveCfg = Release|Any CPU
		{0A17A382-1B43-4C6F-8887-61809409DA4B}.Release|ARM.Build.0 = Release|Any CPU
		{0A17A382-1B43-4C6F-8887-61809409DA4B}.Release|x64.ActiveCfg = Release|Any CPU
		{0A17A382-1B43-4C6F-8887-61809409DA4B}.Release|x64.Build.0 = Release|Any CPU
		{0A17A382-1B43-4C6F-8887-61809409DA4B}.Release|x86.ActiveCfg = Release|Any CPU
		{0A17A382-1B43-4C6F-8887-61809409DA4B}.Release|x86.Build.0 = Release|Any CPU
		{2884B0EA-C2C4-47ED-A2A6-C1A48CDAADFF}.Debug|Any CPU.ActiveCfg = Debug|Any CPU
		{2884B0EA-C2C4-47ED-A2A6-C1A48CDAADFF}.Debug|Any CPU.Build.0 = Debug|Any CPU
		{2884B0EA-C2C4-47ED-A2A6-C1A48CDAADFF}.Debug|ARM.ActiveCfg = Debug|Any CPU
		{2884B0EA-C2C4-47ED-A2A6-C1A48CDAADFF}.Debug|ARM.Build.0 = Debug|Any CPU
		{2884B0EA-C2C4-47ED-A2A6-C1A48CDAADFF}.Debug|x64.ActiveCfg = Debug|Any CPU
		{2884B0EA-C2C4-47ED-A2A6-C1A48CDAADFF}.Debug|x64.Build.0 = Debug|Any CPU
		{2884B0EA-C2C4-47ED-A2A6-C1A48CDAADFF}.Debug|x86.ActiveCfg = Debug|Any CPU
		{2884B0EA-C2C4-47ED-A2A6-C1A48CDAADFF}.Debug|x86.Build.0 = Debug|Any CPU
		{2884B0EA-C2C4-47ED-A2A6-C1A48CDAADFF}.Release|Any CPU.ActiveCfg = Release|Any CPU
		{2884B0EA-C2C4-47ED-A2A6-C1A48CDAADFF}.Release|Any CPU.Build.0 = Release|Any CPU
		{2884B0EA-C2C4-47ED-A2A6-C1A48CDAADFF}.Release|ARM.ActiveCfg = Release|Any CPU
		{2884B0EA-C2C4-47ED-A2A6-C1A48CDAADFF}.Release|ARM.Build.0 = Release|Any CPU
		{2884B0EA-C2C4-47ED-A2A6-C1A48CDAADFF}.Release|x64.ActiveCfg = Release|Any CPU
		{2884B0EA-C2C4-47ED-A2A6-C1A48CDAADFF}.Release|x64.Build.0 = Release|Any CPU
		{2884B0EA-C2C4-47ED-A2A6-C1A48CDAADFF}.Release|x86.ActiveCfg = Release|Any CPU
		{2884B0EA-C2C4-47ED-A2A6-C1A48CDAADFF}.Release|x86.Build.0 = Release|Any CPU
		{18C6A1CA-E691-4084-8457-B40BB670707C}.Debug|Any CPU.ActiveCfg = Debug|Any CPU
		{18C6A1CA-E691-4084-8457-B40BB670707C}.Debug|Any CPU.Build.0 = Debug|Any CPU
		{18C6A1CA-E691-4084-8457-B40BB670707C}.Debug|ARM.ActiveCfg = Debug|Any CPU
		{18C6A1CA-E691-4084-8457-B40BB670707C}.Debug|ARM.Build.0 = Debug|Any CPU
		{18C6A1CA-E691-4084-8457-B40BB670707C}.Debug|x64.ActiveCfg = Debug|Any CPU
		{18C6A1CA-E691-4084-8457-B40BB670707C}.Debug|x64.Build.0 = Debug|Any CPU
		{18C6A1CA-E691-4084-8457-B40BB670707C}.Debug|x86.ActiveCfg = Debug|Any CPU
		{18C6A1CA-E691-4084-8457-B40BB670707C}.Debug|x86.Build.0 = Debug|Any CPU
		{18C6A1CA-E691-4084-8457-B40BB670707C}.Release|Any CPU.ActiveCfg = Release|Any CPU
		{18C6A1CA-E691-4084-8457-B40BB670707C}.Release|Any CPU.Build.0 = Release|Any CPU
		{18C6A1CA-E691-4084-8457-B40BB670707C}.Release|ARM.ActiveCfg = Release|Any CPU
		{18C6A1CA-E691-4084-8457-B40BB670707C}.Release|ARM.Build.0 = Release|Any CPU
		{18C6A1CA-E691-4084-8457-B40BB670707C}.Release|x64.ActiveCfg = Release|Any CPU
		{18C6A1CA-E691-4084-8457-B40BB670707C}.Release|x64.Build.0 = Release|Any CPU
		{18C6A1CA-E691-4084-8457-B40BB670707C}.Release|x86.ActiveCfg = Release|Any CPU
		{18C6A1CA-E691-4084-8457-B40BB670707C}.Release|x86.Build.0 = Release|Any CPU
		{473A4071-9C9D-41AC-9CB8-16593F58AC3C}.Debug|Any CPU.ActiveCfg = Debug|Any CPU
		{473A4071-9C9D-41AC-9CB8-16593F58AC3C}.Debug|Any CPU.Build.0 = Debug|Any CPU
		{473A4071-9C9D-41AC-9CB8-16593F58AC3C}.Debug|ARM.ActiveCfg = Debug|Any CPU
		{473A4071-9C9D-41AC-9CB8-16593F58AC3C}.Debug|ARM.Build.0 = Debug|Any CPU
		{473A4071-9C9D-41AC-9CB8-16593F58AC3C}.Debug|x64.ActiveCfg = Debug|Any CPU
		{473A4071-9C9D-41AC-9CB8-16593F58AC3C}.Debug|x64.Build.0 = Debug|Any CPU
		{473A4071-9C9D-41AC-9CB8-16593F58AC3C}.Debug|x86.ActiveCfg = Debug|Any CPU
		{473A4071-9C9D-41AC-9CB8-16593F58AC3C}.Debug|x86.Build.0 = Debug|Any CPU
		{473A4071-9C9D-41AC-9CB8-16593F58AC3C}.Release|Any CPU.ActiveCfg = Release|Any CPU
		{473A4071-9C9D-41AC-9CB8-16593F58AC3C}.Release|Any CPU.Build.0 = Release|Any CPU
		{473A4071-9C9D-41AC-9CB8-16593F58AC3C}.Release|ARM.ActiveCfg = Release|Any CPU
		{473A4071-9C9D-41AC-9CB8-16593F58AC3C}.Release|ARM.Build.0 = Release|Any CPU
		{473A4071-9C9D-41AC-9CB8-16593F58AC3C}.Release|x64.ActiveCfg = Release|Any CPU
		{473A4071-9C9D-41AC-9CB8-16593F58AC3C}.Release|x64.Build.0 = Release|Any CPU
		{473A4071-9C9D-41AC-9CB8-16593F58AC3C}.Release|x86.ActiveCfg = Release|Any CPU
		{473A4071-9C9D-41AC-9CB8-16593F58AC3C}.Release|x86.Build.0 = Release|Any CPU
		{1441114C-1F25-4C33-BFC2-417DBB48CD38}.Debug|Any CPU.ActiveCfg = Debug|Any CPU
		{1441114C-1F25-4C33-BFC2-417DBB48CD38}.Debug|Any CPU.Build.0 = Debug|Any CPU
		{1441114C-1F25-4C33-BFC2-417DBB48CD38}.Debug|ARM.ActiveCfg = Debug|Any CPU
		{1441114C-1F25-4C33-BFC2-417DBB48CD38}.Debug|ARM.Build.0 = Debug|Any CPU
		{1441114C-1F25-4C33-BFC2-417DBB48CD38}.Debug|x64.ActiveCfg = Debug|Any CPU
		{1441114C-1F25-4C33-BFC2-417DBB48CD38}.Debug|x64.Build.0 = Debug|Any CPU
		{1441114C-1F25-4C33-BFC2-417DBB48CD38}.Debug|x86.ActiveCfg = Debug|Any CPU
		{1441114C-1F25-4C33-BFC2-417DBB48CD38}.Debug|x86.Build.0 = Debug|Any CPU
		{1441114C-1F25-4C33-BFC2-417DBB48CD38}.Release|Any CPU.ActiveCfg = Release|Any CPU
		{1441114C-1F25-4C33-BFC2-417DBB48CD38}.Release|Any CPU.Build.0 = Release|Any CPU
		{1441114C-1F25-4C33-BFC2-417DBB48CD38}.Release|ARM.ActiveCfg = Release|Any CPU
		{1441114C-1F25-4C33-BFC2-417DBB48CD38}.Release|ARM.Build.0 = Release|Any CPU
		{1441114C-1F25-4C33-BFC2-417DBB48CD38}.Release|x64.ActiveCfg = Release|Any CPU
		{1441114C-1F25-4C33-BFC2-417DBB48CD38}.Release|x64.Build.0 = Release|Any CPU
		{1441114C-1F25-4C33-BFC2-417DBB48CD38}.Release|x86.ActiveCfg = Release|Any CPU
		{1441114C-1F25-4C33-BFC2-417DBB48CD38}.Release|x86.Build.0 = Release|Any CPU
		{A675F405-142D-4571-BB93-FEFC702514B8}.Debug|Any CPU.ActiveCfg = Debug|Any CPU
		{A675F405-142D-4571-BB93-FEFC702514B8}.Debug|Any CPU.Build.0 = Debug|Any CPU
		{A675F405-142D-4571-BB93-FEFC702514B8}.Debug|ARM.ActiveCfg = Debug|Any CPU
		{A675F405-142D-4571-BB93-FEFC702514B8}.Debug|ARM.Build.0 = Debug|Any CPU
		{A675F405-142D-4571-BB93-FEFC702514B8}.Debug|x64.ActiveCfg = Debug|Any CPU
		{A675F405-142D-4571-BB93-FEFC702514B8}.Debug|x64.Build.0 = Debug|Any CPU
		{A675F405-142D-4571-BB93-FEFC702514B8}.Debug|x86.ActiveCfg = Debug|Any CPU
		{A675F405-142D-4571-BB93-FEFC702514B8}.Debug|x86.Build.0 = Debug|Any CPU
		{A675F405-142D-4571-BB93-FEFC702514B8}.Release|Any CPU.ActiveCfg = Release|Any CPU
		{A675F405-142D-4571-BB93-FEFC702514B8}.Release|Any CPU.Build.0 = Release|Any CPU
		{A675F405-142D-4571-BB93-FEFC702514B8}.Release|ARM.ActiveCfg = Release|Any CPU
		{A675F405-142D-4571-BB93-FEFC702514B8}.Release|ARM.Build.0 = Release|Any CPU
		{A675F405-142D-4571-BB93-FEFC702514B8}.Release|x64.ActiveCfg = Release|Any CPU
		{A675F405-142D-4571-BB93-FEFC702514B8}.Release|x64.Build.0 = Release|Any CPU
		{A675F405-142D-4571-BB93-FEFC702514B8}.Release|x86.ActiveCfg = Release|Any CPU
		{A675F405-142D-4571-BB93-FEFC702514B8}.Release|x86.Build.0 = Release|Any CPU
		{AEC72374-68BB-4E1A-BB23-024075348539}.Debug|Any CPU.ActiveCfg = Debug|Any CPU
		{AEC72374-68BB-4E1A-BB23-024075348539}.Debug|Any CPU.Build.0 = Debug|Any CPU
		{AEC72374-68BB-4E1A-BB23-024075348539}.Debug|ARM.ActiveCfg = Debug|Any CPU
		{AEC72374-68BB-4E1A-BB23-024075348539}.Debug|ARM.Build.0 = Debug|Any CPU
		{AEC72374-68BB-4E1A-BB23-024075348539}.Debug|x64.ActiveCfg = Debug|Any CPU
		{AEC72374-68BB-4E1A-BB23-024075348539}.Debug|x64.Build.0 = Debug|Any CPU
		{AEC72374-68BB-4E1A-BB23-024075348539}.Debug|x86.ActiveCfg = Debug|Any CPU
		{AEC72374-68BB-4E1A-BB23-024075348539}.Debug|x86.Build.0 = Debug|Any CPU
		{AEC72374-68BB-4E1A-BB23-024075348539}.Release|Any CPU.ActiveCfg = Release|Any CPU
		{AEC72374-68BB-4E1A-BB23-024075348539}.Release|Any CPU.Build.0 = Release|Any CPU
		{AEC72374-68BB-4E1A-BB23-024075348539}.Release|ARM.ActiveCfg = Release|Any CPU
		{AEC72374-68BB-4E1A-BB23-024075348539}.Release|ARM.Build.0 = Release|Any CPU
		{AEC72374-68BB-4E1A-BB23-024075348539}.Release|x64.ActiveCfg = Release|Any CPU
		{AEC72374-68BB-4E1A-BB23-024075348539}.Release|x64.Build.0 = Release|Any CPU
		{AEC72374-68BB-4E1A-BB23-024075348539}.Release|x86.ActiveCfg = Release|Any CPU
		{AEC72374-68BB-4E1A-BB23-024075348539}.Release|x86.Build.0 = Release|Any CPU
		{1BE54AF5-0ACA-438C-B5A6-BA23F6B5D5AF}.Debug|Any CPU.ActiveCfg = Debug|Any CPU
		{1BE54AF5-0ACA-438C-B5A6-BA23F6B5D5AF}.Debug|Any CPU.Build.0 = Debug|Any CPU
		{1BE54AF5-0ACA-438C-B5A6-BA23F6B5D5AF}.Debug|ARM.ActiveCfg = Debug|Any CPU
		{1BE54AF5-0ACA-438C-B5A6-BA23F6B5D5AF}.Debug|ARM.Build.0 = Debug|Any CPU
		{1BE54AF5-0ACA-438C-B5A6-BA23F6B5D5AF}.Debug|x64.ActiveCfg = Debug|Any CPU
		{1BE54AF5-0ACA-438C-B5A6-BA23F6B5D5AF}.Debug|x64.Build.0 = Debug|Any CPU
		{1BE54AF5-0ACA-438C-B5A6-BA23F6B5D5AF}.Debug|x86.ActiveCfg = Debug|Any CPU
		{1BE54AF5-0ACA-438C-B5A6-BA23F6B5D5AF}.Debug|x86.Build.0 = Debug|Any CPU
		{1BE54AF5-0ACA-438C-B5A6-BA23F6B5D5AF}.Release|Any CPU.ActiveCfg = Release|Any CPU
		{1BE54AF5-0ACA-438C-B5A6-BA23F6B5D5AF}.Release|Any CPU.Build.0 = Release|Any CPU
		{1BE54AF5-0ACA-438C-B5A6-BA23F6B5D5AF}.Release|ARM.ActiveCfg = Release|Any CPU
		{1BE54AF5-0ACA-438C-B5A6-BA23F6B5D5AF}.Release|ARM.Build.0 = Release|Any CPU
		{1BE54AF5-0ACA-438C-B5A6-BA23F6B5D5AF}.Release|x64.ActiveCfg = Release|Any CPU
		{1BE54AF5-0ACA-438C-B5A6-BA23F6B5D5AF}.Release|x64.Build.0 = Release|Any CPU
		{1BE54AF5-0ACA-438C-B5A6-BA23F6B5D5AF}.Release|x86.ActiveCfg = Release|Any CPU
		{1BE54AF5-0ACA-438C-B5A6-BA23F6B5D5AF}.Release|x86.Build.0 = Release|Any CPU
		{B1685465-0127-47DA-BAED-C0BF21B9DB17}.Debug|Any CPU.ActiveCfg = Debug|Any CPU
		{B1685465-0127-47DA-BAED-C0BF21B9DB17}.Debug|Any CPU.Build.0 = Debug|Any CPU
		{B1685465-0127-47DA-BAED-C0BF21B9DB17}.Debug|ARM.ActiveCfg = Debug|Any CPU
		{B1685465-0127-47DA-BAED-C0BF21B9DB17}.Debug|ARM.Build.0 = Debug|Any CPU
		{B1685465-0127-47DA-BAED-C0BF21B9DB17}.Debug|x64.ActiveCfg = Debug|Any CPU
		{B1685465-0127-47DA-BAED-C0BF21B9DB17}.Debug|x64.Build.0 = Debug|Any CPU
		{B1685465-0127-47DA-BAED-C0BF21B9DB17}.Debug|x86.ActiveCfg = Debug|Any CPU
		{B1685465-0127-47DA-BAED-C0BF21B9DB17}.Debug|x86.Build.0 = Debug|Any CPU
		{B1685465-0127-47DA-BAED-C0BF21B9DB17}.Release|Any CPU.ActiveCfg = Release|Any CPU
		{B1685465-0127-47DA-BAED-C0BF21B9DB17}.Release|Any CPU.Build.0 = Release|Any CPU
		{B1685465-0127-47DA-BAED-C0BF21B9DB17}.Release|ARM.ActiveCfg = Release|Any CPU
		{B1685465-0127-47DA-BAED-C0BF21B9DB17}.Release|ARM.Build.0 = Release|Any CPU
		{B1685465-0127-47DA-BAED-C0BF21B9DB17}.Release|x64.ActiveCfg = Release|Any CPU
		{B1685465-0127-47DA-BAED-C0BF21B9DB17}.Release|x64.Build.0 = Release|Any CPU
		{B1685465-0127-47DA-BAED-C0BF21B9DB17}.Release|x86.ActiveCfg = Release|Any CPU
		{B1685465-0127-47DA-BAED-C0BF21B9DB17}.Release|x86.Build.0 = Release|Any CPU
		{61C0233E-5446-4123-A4A3-5D9F76482A5C}.Debug|Any CPU.ActiveCfg = Debug|Any CPU
		{61C0233E-5446-4123-A4A3-5D9F76482A5C}.Debug|Any CPU.Build.0 = Debug|Any CPU
		{61C0233E-5446-4123-A4A3-5D9F76482A5C}.Debug|ARM.ActiveCfg = Debug|ARM
		{61C0233E-5446-4123-A4A3-5D9F76482A5C}.Debug|ARM.Build.0 = Debug|ARM
		{61C0233E-5446-4123-A4A3-5D9F76482A5C}.Debug|x64.ActiveCfg = Debug|x64
		{61C0233E-5446-4123-A4A3-5D9F76482A5C}.Debug|x64.Build.0 = Debug|x64
		{61C0233E-5446-4123-A4A3-5D9F76482A5C}.Debug|x86.ActiveCfg = Debug|x86
		{61C0233E-5446-4123-A4A3-5D9F76482A5C}.Debug|x86.Build.0 = Debug|x86
		{61C0233E-5446-4123-A4A3-5D9F76482A5C}.Release|Any CPU.ActiveCfg = Release|Any CPU
		{61C0233E-5446-4123-A4A3-5D9F76482A5C}.Release|Any CPU.Build.0 = Release|Any CPU
		{61C0233E-5446-4123-A4A3-5D9F76482A5C}.Release|ARM.ActiveCfg = Release|ARM
		{61C0233E-5446-4123-A4A3-5D9F76482A5C}.Release|ARM.Build.0 = Release|ARM
		{61C0233E-5446-4123-A4A3-5D9F76482A5C}.Release|x64.ActiveCfg = Release|x64
		{61C0233E-5446-4123-A4A3-5D9F76482A5C}.Release|x64.Build.0 = Release|x64
		{61C0233E-5446-4123-A4A3-5D9F76482A5C}.Release|x86.ActiveCfg = Release|x86
		{61C0233E-5446-4123-A4A3-5D9F76482A5C}.Release|x86.Build.0 = Release|x86
		{540CDFDB-50D7-4A40-989C-CACC10BDE684}.Debug|Any CPU.ActiveCfg = Debug|Any CPU
		{540CDFDB-50D7-4A40-989C-CACC10BDE684}.Debug|Any CPU.Build.0 = Debug|Any CPU
		{540CDFDB-50D7-4A40-989C-CACC10BDE684}.Debug|ARM.ActiveCfg = Debug|ARM
		{540CDFDB-50D7-4A40-989C-CACC10BDE684}.Debug|ARM.Build.0 = Debug|ARM
		{540CDFDB-50D7-4A40-989C-CACC10BDE684}.Debug|x64.ActiveCfg = Debug|x64
		{540CDFDB-50D7-4A40-989C-CACC10BDE684}.Debug|x64.Build.0 = Debug|x64
		{540CDFDB-50D7-4A40-989C-CACC10BDE684}.Debug|x86.ActiveCfg = Debug|x86
		{540CDFDB-50D7-4A40-989C-CACC10BDE684}.Debug|x86.Build.0 = Debug|x86
		{540CDFDB-50D7-4A40-989C-CACC10BDE684}.Release|Any CPU.ActiveCfg = Release|Any CPU
		{540CDFDB-50D7-4A40-989C-CACC10BDE684}.Release|Any CPU.Build.0 = Release|Any CPU
		{540CDFDB-50D7-4A40-989C-CACC10BDE684}.Release|ARM.ActiveCfg = Release|ARM
		{540CDFDB-50D7-4A40-989C-CACC10BDE684}.Release|ARM.Build.0 = Release|ARM
		{540CDFDB-50D7-4A40-989C-CACC10BDE684}.Release|x64.ActiveCfg = Release|x64
		{540CDFDB-50D7-4A40-989C-CACC10BDE684}.Release|x64.Build.0 = Release|x64
		{540CDFDB-50D7-4A40-989C-CACC10BDE684}.Release|x86.ActiveCfg = Release|x86
		{540CDFDB-50D7-4A40-989C-CACC10BDE684}.Release|x86.Build.0 = Release|x86
		{1AC2D23C-7DC3-490B-9717-16FA4F41AF77}.Debug|Any CPU.ActiveCfg = Debug|Any CPU
		{1AC2D23C-7DC3-490B-9717-16FA4F41AF77}.Debug|Any CPU.Build.0 = Debug|Any CPU
		{1AC2D23C-7DC3-490B-9717-16FA4F41AF77}.Debug|ARM.ActiveCfg = Debug|Any CPU
		{1AC2D23C-7DC3-490B-9717-16FA4F41AF77}.Debug|ARM.Build.0 = Debug|Any CPU
		{1AC2D23C-7DC3-490B-9717-16FA4F41AF77}.Debug|x64.ActiveCfg = Debug|Any CPU
		{1AC2D23C-7DC3-490B-9717-16FA4F41AF77}.Debug|x64.Build.0 = Debug|Any CPU
		{1AC2D23C-7DC3-490B-9717-16FA4F41AF77}.Debug|x86.ActiveCfg = Debug|Any CPU
		{1AC2D23C-7DC3-490B-9717-16FA4F41AF77}.Debug|x86.Build.0 = Debug|Any CPU
		{1AC2D23C-7DC3-490B-9717-16FA4F41AF77}.Release|Any CPU.ActiveCfg = Release|Any CPU
		{1AC2D23C-7DC3-490B-9717-16FA4F41AF77}.Release|Any CPU.Build.0 = Release|Any CPU
		{1AC2D23C-7DC3-490B-9717-16FA4F41AF77}.Release|ARM.ActiveCfg = Release|Any CPU
		{1AC2D23C-7DC3-490B-9717-16FA4F41AF77}.Release|ARM.Build.0 = Release|Any CPU
		{1AC2D23C-7DC3-490B-9717-16FA4F41AF77}.Release|x64.ActiveCfg = Release|Any CPU
		{1AC2D23C-7DC3-490B-9717-16FA4F41AF77}.Release|x64.Build.0 = Release|Any CPU
		{1AC2D23C-7DC3-490B-9717-16FA4F41AF77}.Release|x86.ActiveCfg = Release|Any CPU
		{1AC2D23C-7DC3-490B-9717-16FA4F41AF77}.Release|x86.Build.0 = Release|Any CPU
		{C7578B09-E95F-48A3-AC70-931D3829064C}.Debug|Any CPU.ActiveCfg = Debug|Any CPU
		{C7578B09-E95F-48A3-AC70-931D3829064C}.Debug|Any CPU.Build.0 = Debug|Any CPU
		{C7578B09-E95F-48A3-AC70-931D3829064C}.Debug|ARM.ActiveCfg = Debug|Any CPU
		{C7578B09-E95F-48A3-AC70-931D3829064C}.Debug|ARM.Build.0 = Debug|Any CPU
		{C7578B09-E95F-48A3-AC70-931D3829064C}.Debug|x64.ActiveCfg = Debug|Any CPU
		{C7578B09-E95F-48A3-AC70-931D3829064C}.Debug|x64.Build.0 = Debug|Any CPU
		{C7578B09-E95F-48A3-AC70-931D3829064C}.Debug|x86.ActiveCfg = Debug|Any CPU
		{C7578B09-E95F-48A3-AC70-931D3829064C}.Debug|x86.Build.0 = Debug|Any CPU
		{C7578B09-E95F-48A3-AC70-931D3829064C}.Release|Any CPU.ActiveCfg = Release|Any CPU
		{C7578B09-E95F-48A3-AC70-931D3829064C}.Release|Any CPU.Build.0 = Release|Any CPU
		{C7578B09-E95F-48A3-AC70-931D3829064C}.Release|ARM.ActiveCfg = Release|Any CPU
		{C7578B09-E95F-48A3-AC70-931D3829064C}.Release|ARM.Build.0 = Release|Any CPU
		{C7578B09-E95F-48A3-AC70-931D3829064C}.Release|x64.ActiveCfg = Release|Any CPU
		{C7578B09-E95F-48A3-AC70-931D3829064C}.Release|x64.Build.0 = Release|Any CPU
		{C7578B09-E95F-48A3-AC70-931D3829064C}.Release|x86.ActiveCfg = Release|Any CPU
		{C7578B09-E95F-48A3-AC70-931D3829064C}.Release|x86.Build.0 = Release|Any CPU
		{9FAFD819-DF73-4953-940E-E37F1550197B}.Debug|Any CPU.ActiveCfg = Debug|Any CPU
		{9FAFD819-DF73-4953-940E-E37F1550197B}.Debug|Any CPU.Build.0 = Debug|Any CPU
		{9FAFD819-DF73-4953-940E-E37F1550197B}.Debug|ARM.ActiveCfg = Debug|Any CPU
		{9FAFD819-DF73-4953-940E-E37F1550197B}.Debug|ARM.Build.0 = Debug|Any CPU
		{9FAFD819-DF73-4953-940E-E37F1550197B}.Debug|x64.ActiveCfg = Debug|Any CPU
		{9FAFD819-DF73-4953-940E-E37F1550197B}.Debug|x64.Build.0 = Debug|Any CPU
		{9FAFD819-DF73-4953-940E-E37F1550197B}.Debug|x86.ActiveCfg = Debug|Any CPU
		{9FAFD819-DF73-4953-940E-E37F1550197B}.Debug|x86.Build.0 = Debug|Any CPU
		{9FAFD819-DF73-4953-940E-E37F1550197B}.Release|Any CPU.ActiveCfg = Release|Any CPU
		{9FAFD819-DF73-4953-940E-E37F1550197B}.Release|Any CPU.Build.0 = Release|Any CPU
		{9FAFD819-DF73-4953-940E-E37F1550197B}.Release|ARM.ActiveCfg = Release|Any CPU
		{9FAFD819-DF73-4953-940E-E37F1550197B}.Release|ARM.Build.0 = Release|Any CPU
		{9FAFD819-DF73-4953-940E-E37F1550197B}.Release|x64.ActiveCfg = Release|Any CPU
		{9FAFD819-DF73-4953-940E-E37F1550197B}.Release|x64.Build.0 = Release|Any CPU
		{9FAFD819-DF73-4953-940E-E37F1550197B}.Release|x86.ActiveCfg = Release|Any CPU
		{9FAFD819-DF73-4953-940E-E37F1550197B}.Release|x86.Build.0 = Release|Any CPU
		{65187146-C9EE-4730-918A-0F3A5377C3F0}.Debug|Any CPU.ActiveCfg = Debug|Any CPU
		{65187146-C9EE-4730-918A-0F3A5377C3F0}.Debug|Any CPU.Build.0 = Debug|Any CPU
		{65187146-C9EE-4730-918A-0F3A5377C3F0}.Debug|ARM.ActiveCfg = Debug|ARM
		{65187146-C9EE-4730-918A-0F3A5377C3F0}.Debug|ARM.Build.0 = Debug|ARM
		{65187146-C9EE-4730-918A-0F3A5377C3F0}.Debug|x64.ActiveCfg = Debug|x64
		{65187146-C9EE-4730-918A-0F3A5377C3F0}.Debug|x64.Build.0 = Debug|x64
		{65187146-C9EE-4730-918A-0F3A5377C3F0}.Debug|x86.ActiveCfg = Debug|x86
		{65187146-C9EE-4730-918A-0F3A5377C3F0}.Debug|x86.Build.0 = Debug|x86
		{65187146-C9EE-4730-918A-0F3A5377C3F0}.Release|Any CPU.ActiveCfg = Release|Any CPU
		{65187146-C9EE-4730-918A-0F3A5377C3F0}.Release|Any CPU.Build.0 = Release|Any CPU
		{65187146-C9EE-4730-918A-0F3A5377C3F0}.Release|ARM.ActiveCfg = Release|ARM
		{65187146-C9EE-4730-918A-0F3A5377C3F0}.Release|ARM.Build.0 = Release|ARM
		{65187146-C9EE-4730-918A-0F3A5377C3F0}.Release|x64.ActiveCfg = Release|x64
		{65187146-C9EE-4730-918A-0F3A5377C3F0}.Release|x64.Build.0 = Release|x64
		{65187146-C9EE-4730-918A-0F3A5377C3F0}.Release|x86.ActiveCfg = Release|x86
		{65187146-C9EE-4730-918A-0F3A5377C3F0}.Release|x86.Build.0 = Release|x86
		{DC31D9BB-7BB7-4AB6-829B-47E23F187DC3}.Debug|Any CPU.ActiveCfg = Debug|Any CPU
		{DC31D9BB-7BB7-4AB6-829B-47E23F187DC3}.Debug|Any CPU.Build.0 = Debug|Any CPU
		{DC31D9BB-7BB7-4AB6-829B-47E23F187DC3}.Debug|ARM.ActiveCfg = Debug|Any CPU
		{DC31D9BB-7BB7-4AB6-829B-47E23F187DC3}.Debug|ARM.Build.0 = Debug|Any CPU
		{DC31D9BB-7BB7-4AB6-829B-47E23F187DC3}.Debug|x64.ActiveCfg = Debug|Any CPU
		{DC31D9BB-7BB7-4AB6-829B-47E23F187DC3}.Debug|x64.Build.0 = Debug|Any CPU
		{DC31D9BB-7BB7-4AB6-829B-47E23F187DC3}.Debug|x86.ActiveCfg = Debug|Any CPU
		{DC31D9BB-7BB7-4AB6-829B-47E23F187DC3}.Debug|x86.Build.0 = Debug|Any CPU
		{DC31D9BB-7BB7-4AB6-829B-47E23F187DC3}.Release|Any CPU.ActiveCfg = Release|Any CPU
		{DC31D9BB-7BB7-4AB6-829B-47E23F187DC3}.Release|Any CPU.Build.0 = Release|Any CPU
		{DC31D9BB-7BB7-4AB6-829B-47E23F187DC3}.Release|ARM.ActiveCfg = Release|Any CPU
		{DC31D9BB-7BB7-4AB6-829B-47E23F187DC3}.Release|ARM.Build.0 = Release|Any CPU
		{DC31D9BB-7BB7-4AB6-829B-47E23F187DC3}.Release|x64.ActiveCfg = Release|Any CPU
		{DC31D9BB-7BB7-4AB6-829B-47E23F187DC3}.Release|x64.Build.0 = Release|Any CPU
		{DC31D9BB-7BB7-4AB6-829B-47E23F187DC3}.Release|x86.ActiveCfg = Release|Any CPU
		{DC31D9BB-7BB7-4AB6-829B-47E23F187DC3}.Release|x86.Build.0 = Release|Any CPU
	EndGlobalSection
	GlobalSection(SolutionProperties) = preSolution
		HideSolutionNode = FALSE
	EndGlobalSection
	GlobalSection(NestedProjects) = preSolution
		{1A3DDB66-0155-4C26-9EAC-72037FA85C3C} = {0EEAF18F-B930-456D-9503-BC19CA2A0024}
		{C3CF403C-D94E-4812-8072-97D927AFC432} = {07F8E2BB-E1D4-4785-9C22-500031395EBA}
		{CF6B91E4-3158-4D31-B0FB-E6C439F53A77} = {07F8E2BB-E1D4-4785-9C22-500031395EBA}
		{2F606D33-BD8E-4AAD-A71B-594A4623BE67} = {07F8E2BB-E1D4-4785-9C22-500031395EBA}
		{73287114-05C8-47D3-A1FF-CE866F12917C} = {07F8E2BB-E1D4-4785-9C22-500031395EBA}
		{D660CD19-811E-4ED5-853C-DBABDCACD087} = {E895FE37-4443-4FE6-8501-04C20577B348}
		{21F1197A-19A0-4EB1-8506-3DB1FD9BE6A3} = {B8C7C1F5-48F1-4F3F-89FF-F7029D0AADFD}
		{0A17A382-1B43-4C6F-8887-61809409DA4B} = {0EEAF18F-B930-456D-9503-BC19CA2A0024}
		{2884B0EA-C2C4-47ED-A2A6-C1A48CDAADFF} = {E895FE37-4443-4FE6-8501-04C20577B348}
		{18C6A1CA-E691-4084-8457-B40BB670707C} = {B8C7C1F5-48F1-4F3F-89FF-F7029D0AADFD}
		{473A4071-9C9D-41AC-9CB8-16593F58AC3C} = {E895FE37-4443-4FE6-8501-04C20577B348}
		{1441114C-1F25-4C33-BFC2-417DBB48CD38} = {E895FE37-4443-4FE6-8501-04C20577B348}
		{A675F405-142D-4571-BB93-FEFC702514B8} = {B8C7C1F5-48F1-4F3F-89FF-F7029D0AADFD}
		{AEC72374-68BB-4E1A-BB23-024075348539} = {B8C7C1F5-48F1-4F3F-89FF-F7029D0AADFD}
		{1BE54AF5-0ACA-438C-B5A6-BA23F6B5D5AF} = {0EEAF18F-B930-456D-9503-BC19CA2A0024}
		{B1685465-0127-47DA-BAED-C0BF21B9DB17} = {0EEAF18F-B930-456D-9503-BC19CA2A0024}
		{61C0233E-5446-4123-A4A3-5D9F76482A5C} = {07F8E2BB-E1D4-4785-9C22-500031395EBA}
		{540CDFDB-50D7-4A40-989C-CACC10BDE684} = {07F8E2BB-E1D4-4785-9C22-500031395EBA}
		{1AC2D23C-7DC3-490B-9717-16FA4F41AF77} = {E895FE37-4443-4FE6-8501-04C20577B348}
		{C7578B09-E95F-48A3-AC70-931D3829064C} = {0EEAF18F-B930-456D-9503-BC19CA2A0024}
		{9FAFD819-DF73-4953-940E-E37F1550197B} = {B8C7C1F5-48F1-4F3F-89FF-F7029D0AADFD}
		{65187146-C9EE-4730-918A-0F3A5377C3F0} = {07F8E2BB-E1D4-4785-9C22-500031395EBA}
		{DC31D9BB-7BB7-4AB6-829B-47E23F187DC3} = {0EEAF18F-B930-456D-9503-BC19CA2A0024}
	EndGlobalSection
EndGlobal
